// !$*UTF8*$!
{
	archiveVersion = 1;
	classes = {
	};
	objectVersion = 46;
	objects = {

/* Begin PBXBuildFile section */
		0C2EBEC7204FD0790039D07D /* GradientView.swift in Sources */ = {isa = PBXBuildFile; fileRef = 0C2EBEC6204FD0790039D07D /* GradientView.swift */; };
		0C2EBEC9204FD0A30039D07D /* WeekDayPicker.swift in Sources */ = {isa = PBXBuildFile; fileRef = 0C2EBEC8204FD0A30039D07D /* WeekDayPicker.swift */; };
		29FCAB7825E6B3EF0089B0E8 /* UIColor+Extension.swift in Sources */ = {isa = PBXBuildFile; fileRef = 29FCAB7725E6B3EF0089B0E8 /* UIColor+Extension.swift */; };
		29FCAB7D25E6B64C0089B0E8 /* Weather.swift in Sources */ = {isa = PBXBuildFile; fileRef = 29FCAB7C25E6B64C0089B0E8 /* Weather.swift */; };
		29FCAB8025E6B6D60089B0E8 /* WeatherAdapter.swift in Sources */ = {isa = PBXBuildFile; fileRef = 29FCAB7F25E6B6D60089B0E8 /* WeatherAdapter.swift */; };
		29FCAB8425E6BD7C0089B0E8 /* WeatherViewModel.swift in Sources */ = {isa = PBXBuildFile; fileRef = 29FCAB8325E6BD7C0089B0E8 /* WeatherViewModel.swift */; };
		29FCAB8825E6BDA90089B0E8 /* WeatherViewModelFactory.swift in Sources */ = {isa = PBXBuildFile; fileRef = 29FCAB8725E6BDA90089B0E8 /* WeatherViewModelFactory.swift */; };
		9619CEA820598E6200C38A0D /* CustomPushAnimator.swift in Sources */ = {isa = PBXBuildFile; fileRef = 9619CEA720598E6200C38A0D /* CustomPushAnimator.swift */; };
		9619CEAA2059965B00C38A0D /* CustomNavigationController.swift in Sources */ = {isa = PBXBuildFile; fileRef = 9619CEA92059965B00C38A0D /* CustomNavigationController.swift */; };
		D349B16D0168F5A7B22F0BBE /* Pods_Weather.framework in Frameworks */ = {isa = PBXBuildFile; fileRef = A7D88309E086C60D1FED655F /* Pods_Weather.framework */; };
		DC29E3021F759A4400B18115 /* WeatherService.swift in Sources */ = {isa = PBXBuildFile; fileRef = DC29E3011F759A4400B18115 /* WeatherService.swift */; };
		DC37B9851F87F798004F68A5 /* RLMCity.swift in Sources */ = {isa = PBXBuildFile; fileRef = DC37B9841F87F798004F68A5 /* RLMCity.swift */; };
		DC4F72961F7ADF1700C861AA /* RLMWeather.swift in Sources */ = {isa = PBXBuildFile; fileRef = DC4F72951F7ADF1700C861AA /* RLMWeather.swift */; };
		DCBE0D1F1F68662C0030DEAE /* AppDelegate.swift in Sources */ = {isa = PBXBuildFile; fileRef = DCBE0D1E1F68662C0030DEAE /* AppDelegate.swift */; };
		DCBE0D241F68662C0030DEAE /* Main.storyboard in Resources */ = {isa = PBXBuildFile; fileRef = DCBE0D221F68662C0030DEAE /* Main.storyboard */; };
		DCBE0D261F68662C0030DEAE /* Assets.xcassets in Resources */ = {isa = PBXBuildFile; fileRef = DCBE0D251F68662C0030DEAE /* Assets.xcassets */; };
		DCBE0D291F68662C0030DEAE /* LaunchScreen.storyboard in Resources */ = {isa = PBXBuildFile; fileRef = DCBE0D271F68662C0030DEAE /* LaunchScreen.storyboard */; };
		F82C0B792232697A004E73E6 /* MyCityesController.swift in Sources */ = {isa = PBXBuildFile; fileRef = F82C0B742232697A004E73E6 /* MyCityesController.swift */; };
		F82C0B7A2232697A004E73E6 /* WeatcherCollectionViewLayout.swift in Sources */ = {isa = PBXBuildFile; fileRef = F82C0B762232697A004E73E6 /* WeatcherCollectionViewLayout.swift */; };
		F82C0B7B2232697A004E73E6 /* WeatherCell.swift in Sources */ = {isa = PBXBuildFile; fileRef = F82C0B772232697A004E73E6 /* WeatherCell.swift */; };
		F82C0B7C2232697A004E73E6 /* WeatherViewController.swift in Sources */ = {isa = PBXBuildFile; fileRef = F82C0B782232697A004E73E6 /* WeatherViewController.swift */; };
		F8EB94E0221B592B002DD4B8 /* Day.swift in Sources */ = {isa = PBXBuildFile; fileRef = F8EB94DF221B592B002DD4B8 /* Day.swift */; };
/* End PBXBuildFile section */

/* Begin PBXFileReference section */
		0C2EBEC6204FD0790039D07D /* GradientView.swift */ = {isa = PBXFileReference; lastKnownFileType = sourcecode.swift; path = GradientView.swift; sourceTree = "<group>"; };
		0C2EBEC8204FD0A30039D07D /* WeekDayPicker.swift */ = {isa = PBXFileReference; lastKnownFileType = sourcecode.swift; path = WeekDayPicker.swift; sourceTree = "<group>"; };
		29FCAB7725E6B3EF0089B0E8 /* UIColor+Extension.swift */ = {isa = PBXFileReference; lastKnownFileType = sourcecode.swift; path = "UIColor+Extension.swift"; sourceTree = "<group>"; };
		29FCAB7C25E6B64C0089B0E8 /* Weather.swift */ = {isa = PBXFileReference; lastKnownFileType = sourcecode.swift; path = Weather.swift; sourceTree = "<group>"; };
		29FCAB7F25E6B6D60089B0E8 /* WeatherAdapter.swift */ = {isa = PBXFileReference; lastKnownFileType = sourcecode.swift; path = WeatherAdapter.swift; sourceTree = "<group>"; };
		29FCAB8325E6BD7C0089B0E8 /* WeatherViewModel.swift */ = {isa = PBXFileReference; lastKnownFileType = sourcecode.swift; path = WeatherViewModel.swift; sourceTree = "<group>"; };
		29FCAB8725E6BDA90089B0E8 /* WeatherViewModelFactory.swift */ = {isa = PBXFileReference; lastKnownFileType = sourcecode.swift; path = WeatherViewModelFactory.swift; sourceTree = "<group>"; };
		808F8CBAC3511B220A843AFF /* Pods-Weather.release.xcconfig */ = {isa = PBXFileReference; includeInIndex = 1; lastKnownFileType = text.xcconfig; name = "Pods-Weather.release.xcconfig"; path = "Pods/Target Support Files/Pods-Weather/Pods-Weather.release.xcconfig"; sourceTree = "<group>"; };
		9619CEA720598E6200C38A0D /* CustomPushAnimator.swift */ = {isa = PBXFileReference; lastKnownFileType = sourcecode.swift; path = CustomPushAnimator.swift; sourceTree = "<group>"; };
		9619CEA92059965B00C38A0D /* CustomNavigationController.swift */ = {isa = PBXFileReference; lastKnownFileType = sourcecode.swift; path = CustomNavigationController.swift; sourceTree = "<group>"; };
		A7D88309E086C60D1FED655F /* Pods_Weather.framework */ = {isa = PBXFileReference; explicitFileType = wrapper.framework; includeInIndex = 0; path = Pods_Weather.framework; sourceTree = BUILT_PRODUCTS_DIR; };
		C37A054C72723B2348C8CD06 /* Pods-Weather.debug.xcconfig */ = {isa = PBXFileReference; includeInIndex = 1; lastKnownFileType = text.xcconfig; name = "Pods-Weather.debug.xcconfig"; path = "Pods/Target Support Files/Pods-Weather/Pods-Weather.debug.xcconfig"; sourceTree = "<group>"; };
		DC29E3011F759A4400B18115 /* WeatherService.swift */ = {isa = PBXFileReference; lastKnownFileType = sourcecode.swift; path = WeatherService.swift; sourceTree = "<group>"; };
		DC37B9841F87F798004F68A5 /* RLMCity.swift */ = {isa = PBXFileReference; lastKnownFileType = sourcecode.swift; path = RLMCity.swift; sourceTree = "<group>"; };
		DC4F72951F7ADF1700C861AA /* RLMWeather.swift */ = {isa = PBXFileReference; lastKnownFileType = sourcecode.swift; path = RLMWeather.swift; sourceTree = "<group>"; };
		DCBE0D1B1F68662C0030DEAE /* Weather.app */ = {isa = PBXFileReference; explicitFileType = wrapper.application; includeInIndex = 0; path = Weather.app; sourceTree = BUILT_PRODUCTS_DIR; };
		DCBE0D1E1F68662C0030DEAE /* AppDelegate.swift */ = {isa = PBXFileReference; lastKnownFileType = sourcecode.swift; path = AppDelegate.swift; sourceTree = "<group>"; };
		DCBE0D231F68662C0030DEAE /* Base */ = {isa = PBXFileReference; lastKnownFileType = file.storyboard; name = Base; path = Base.lproj/Main.storyboard; sourceTree = "<group>"; };
		DCBE0D251F68662C0030DEAE /* Assets.xcassets */ = {isa = PBXFileReference; lastKnownFileType = folder.assetcatalog; path = Assets.xcassets; sourceTree = "<group>"; };
		DCBE0D281F68662C0030DEAE /* Base */ = {isa = PBXFileReference; lastKnownFileType = file.storyboard; name = Base; path = Base.lproj/LaunchScreen.storyboard; sourceTree = "<group>"; };
		DCBE0D2A1F68662C0030DEAE /* Info.plist */ = {isa = PBXFileReference; lastKnownFileType = text.plist.xml; path = Info.plist; sourceTree = "<group>"; };
		F82C0B742232697A004E73E6 /* MyCityesController.swift */ = {isa = PBXFileReference; fileEncoding = 4; lastKnownFileType = sourcecode.swift; path = MyCityesController.swift; sourceTree = "<group>"; };
		F82C0B762232697A004E73E6 /* WeatcherCollectionViewLayout.swift */ = {isa = PBXFileReference; fileEncoding = 4; lastKnownFileType = sourcecode.swift; path = WeatcherCollectionViewLayout.swift; sourceTree = "<group>"; };
		F82C0B772232697A004E73E6 /* WeatherCell.swift */ = {isa = PBXFileReference; fileEncoding = 4; lastKnownFileType = sourcecode.swift; path = WeatherCell.swift; sourceTree = "<group>"; };
		F82C0B782232697A004E73E6 /* WeatherViewController.swift */ = {isa = PBXFileReference; fileEncoding = 4; lastKnownFileType = sourcecode.swift; path = WeatherViewController.swift; sourceTree = "<group>"; };
		F8EB94DF221B592B002DD4B8 /* Day.swift */ = {isa = PBXFileReference; lastKnownFileType = sourcecode.swift; path = Day.swift; sourceTree = "<group>"; };
/* End PBXFileReference section */

/* Begin PBXFrameworksBuildPhase section */
		DCBE0D181F68662C0030DEAE /* Frameworks */ = {
			isa = PBXFrameworksBuildPhase;
			buildActionMask = 2147483647;
			files = (
				D349B16D0168F5A7B22F0BBE /* Pods_Weather.framework in Frameworks */,
			);
			runOnlyForDeploymentPostprocessing = 0;
		};
/* End PBXFrameworksBuildPhase section */

/* Begin PBXGroup section */
		0B874C38CA5DBE7B93FE53A3 /* Pods */ = {
			isa = PBXGroup;
			children = (
				C37A054C72723B2348C8CD06 /* Pods-Weather.debug.xcconfig */,
				808F8CBAC3511B220A843AFF /* Pods-Weather.release.xcconfig */,
			);
			name = Pods;
			sourceTree = "<group>";
		};
		0C2EBEC5204FD05E0039D07D /* UI components */ = {
			isa = PBXGroup;
			children = (
				F857D4B9221DD85100F8680B /* Navigation */,
				0C2EBEC6204FD0790039D07D /* GradientView.swift */,
				0C2EBEC8204FD0A30039D07D /* WeekDayPicker.swift */,
			);
			path = "UI components";
			sourceTree = "<group>";
		};
		29FCAB7625E6B3D50089B0E8 /* Extensions (Flyweight) */ = {
			isa = PBXGroup;
			children = (
				29FCAB7725E6B3EF0089B0E8 /* UIColor+Extension.swift */,
			);
			path = "Extensions (Flyweight)";
			sourceTree = "<group>";
		};
		29FCAB7A25E6B62E0089B0E8 /* Adapter */ = {
			isa = PBXGroup;
			children = (
				29FCAB7C25E6B64C0089B0E8 /* Weather.swift */,
				29FCAB7F25E6B6D60089B0E8 /* WeatherAdapter.swift */,
			);
			path = Adapter;
			sourceTree = "<group>";
		};
		29FCAB8225E6BD660089B0E8 /* Factory */ = {
			isa = PBXGroup;
			children = (
				29FCAB8325E6BD7C0089B0E8 /* WeatherViewModel.swift */,
				29FCAB8725E6BDA90089B0E8 /* WeatherViewModelFactory.swift */,
			);
			path = Factory;
			sourceTree = "<group>";
		};
		D5DCE2D576954030C499AFCE /* Frameworks */ = {
			isa = PBXGroup;
			children = (
				A7D88309E086C60D1FED655F /* Pods_Weather.framework */,
			);
			name = Frameworks;
			sourceTree = "<group>";
		};
		DCBE0D121F68662C0030DEAE = {
			isa = PBXGroup;
			children = (
				DCBE0D1D1F68662C0030DEAE /* Weather */,
				DCBE0D1C1F68662C0030DEAE /* Products */,
				0B874C38CA5DBE7B93FE53A3 /* Pods */,
				D5DCE2D576954030C499AFCE /* Frameworks */,
			);
			sourceTree = "<group>";
		};
		DCBE0D1C1F68662C0030DEAE /* Products */ = {
			isa = PBXGroup;
			children = (
				DCBE0D1B1F68662C0030DEAE /* Weather.app */,
			);
			name = Products;
			sourceTree = "<group>";
		};
		DCBE0D1D1F68662C0030DEAE /* Weather */ = {
			isa = PBXGroup;
			children = (
				29FCAB8225E6BD660089B0E8 /* Factory */,
				29FCAB7A25E6B62E0089B0E8 /* Adapter */,
				29FCAB7625E6B3D50089B0E8 /* Extensions (Flyweight) */,
				F84C27E6220D919000CCE401 /* Fundamental */,
				F84C27E7220D91D300CCE401 /* Models */,
				0C2EBEC5204FD05E0039D07D /* UI components */,
				F84C27E8220D91E600CCE401 /* Services */,
				F82C0B722232697A004E73E6 /* ViewControllers */,
				DCBE0D221F68662C0030DEAE /* Main.storyboard */,
				DCBE0D271F68662C0030DEAE /* LaunchScreen.storyboard */,
				DCBE0D251F68662C0030DEAE /* Assets.xcassets */,
				DCBE0D2A1F68662C0030DEAE /* Info.plist */,
			);
			path = Weather;
			sourceTree = "<group>";
		};
		F82C0B722232697A004E73E6 /* ViewControllers */ = {
			isa = PBXGroup;
			children = (
				F82C0B732232697A004E73E6 /* MyCities */,
				F82C0B752232697A004E73E6 /* Weather */,
			);
			path = ViewControllers;
			sourceTree = "<group>";
		};
		F82C0B732232697A004E73E6 /* MyCities */ = {
			isa = PBXGroup;
			children = (
				F82C0B742232697A004E73E6 /* MyCityesController.swift */,
			);
			path = MyCities;
			sourceTree = "<group>";
		};
		F82C0B752232697A004E73E6 /* Weather */ = {
			isa = PBXGroup;
			children = (
				F82C0B762232697A004E73E6 /* WeatcherCollectionViewLayout.swift */,
				F82C0B772232697A004E73E6 /* WeatherCell.swift */,
				F82C0B782232697A004E73E6 /* WeatherViewController.swift */,
			);
			path = Weather;
			sourceTree = "<group>";
		};
		F84C27E6220D919000CCE401 /* Fundamental */ = {
			isa = PBXGroup;
			children = (
				DCBE0D1E1F68662C0030DEAE /* AppDelegate.swift */,
			);
			path = Fundamental;
			sourceTree = "<group>";
		};
		F84C27E7220D91D300CCE401 /* Models */ = {
			isa = PBXGroup;
			children = (
				F857D4B8221DD73400F8680B /* Realm */,
				F8EB94DF221B592B002DD4B8 /* Day.swift */,
			);
			path = Models;
			sourceTree = "<group>";
		};
		F84C27E8220D91E600CCE401 /* Services */ = {
			isa = PBXGroup;
			children = (
				DC29E3011F759A4400B18115 /* WeatherService.swift */,
			);
			path = Services;
			sourceTree = "<group>";
		};
		F857D4B8221DD73400F8680B /* Realm */ = {
			isa = PBXGroup;
			children = (
				DC4F72951F7ADF1700C861AA /* RLMWeather.swift */,
				DC37B9841F87F798004F68A5 /* RLMCity.swift */,
			);
			path = Realm;
			sourceTree = "<group>";
		};
		F857D4B9221DD85100F8680B /* Navigation */ = {
			isa = PBXGroup;
			children = (
				9619CEA720598E6200C38A0D /* CustomPushAnimator.swift */,
				9619CEA92059965B00C38A0D /* CustomNavigationController.swift */,
			);
			path = Navigation;
			sourceTree = "<group>";
		};
/* End PBXGroup section */

/* Begin PBXNativeTarget section */
		DCBE0D1A1F68662C0030DEAE /* Weather */ = {
			isa = PBXNativeTarget;
			buildConfigurationList = DCBE0D2D1F68662C0030DEAE /* Build configuration list for PBXNativeTarget "Weather" */;
			buildPhases = (
				1F2ED87D238A6BEE9C79DAB4 /* [CP] Check Pods Manifest.lock */,
				DCBE0D171F68662C0030DEAE /* Sources */,
				DCBE0D181F68662C0030DEAE /* Frameworks */,
				DCBE0D191F68662C0030DEAE /* Resources */,
				5B1347F398E9877BD2434D63 /* [CP] Embed Pods Frameworks */,
				0E4D631C44FBF53729AB5C2C /* [CP] Copy Pods Resources */,
			);
			buildRules = (
			);
			dependencies = (
			);
			name = Weather;
			productName = Weather;
			productReference = DCBE0D1B1F68662C0030DEAE /* Weather.app */;
			productType = "com.apple.product-type.application";
		};
/* End PBXNativeTarget section */

/* Begin PBXProject section */
		DCBE0D131F68662C0030DEAE /* Project object */ = {
			isa = PBXProject;
			attributes = {
				LastSwiftUpdateCheck = 0830;
				LastUpgradeCheck = 1240;
				ORGANIZATIONNAME = JonFir;
				TargetAttributes = {
					DCBE0D1A1F68662C0030DEAE = {
						CreatedOnToolsVersion = 8.3.3;
						DevelopmentTeam = Q784ZQSDVH;
						LastSwiftMigration = 1240;
						ProvisioningStyle = Automatic;
					};
				};
			};
			buildConfigurationList = DCBE0D161F68662C0030DEAE /* Build configuration list for PBXProject "Weather" */;
			compatibilityVersion = "Xcode 3.2";
			developmentRegion = en;
			hasScannedForEncodings = 0;
			knownRegions = (
				en,
				Base,
			);
			mainGroup = DCBE0D121F68662C0030DEAE;
			productRefGroup = DCBE0D1C1F68662C0030DEAE /* Products */;
			projectDirPath = "";
			projectRoot = "";
			targets = (
				DCBE0D1A1F68662C0030DEAE /* Weather */,
			);
		};
/* End PBXProject section */

/* Begin PBXResourcesBuildPhase section */
		DCBE0D191F68662C0030DEAE /* Resources */ = {
			isa = PBXResourcesBuildPhase;
			buildActionMask = 2147483647;
			files = (
				DCBE0D291F68662C0030DEAE /* LaunchScreen.storyboard in Resources */,
				DCBE0D261F68662C0030DEAE /* Assets.xcassets in Resources */,
				DCBE0D241F68662C0030DEAE /* Main.storyboard in Resources */,
			);
			runOnlyForDeploymentPostprocessing = 0;
		};
/* End PBXResourcesBuildPhase section */

/* Begin PBXShellScriptBuildPhase section */
		0E4D631C44FBF53729AB5C2C /* [CP] Copy Pods Resources */ = {
			isa = PBXShellScriptBuildPhase;
			buildActionMask = 2147483647;
			files = (
			);
			inputPaths = (
			);
			name = "[CP] Copy Pods Resources";
			outputPaths = (
			);
			runOnlyForDeploymentPostprocessing = 0;
			shellPath = /bin/sh;
			shellScript = "\"${SRCROOT}/Pods/Target Support Files/Pods-Weather/Pods-Weather-resources.sh\"\n";
			showEnvVarsInLog = 0;
		};
		1F2ED87D238A6BEE9C79DAB4 /* [CP] Check Pods Manifest.lock */ = {
			isa = PBXShellScriptBuildPhase;
			buildActionMask = 2147483647;
			files = (
			);
			inputPaths = (
				"${PODS_PODFILE_DIR_PATH}/Podfile.lock",
				"${PODS_ROOT}/Manifest.lock",
			);
			name = "[CP] Check Pods Manifest.lock";
			outputPaths = (
				"$(DERIVED_FILE_DIR)/Pods-Weather-checkManifestLockResult.txt",
			);
			runOnlyForDeploymentPostprocessing = 0;
			shellPath = /bin/sh;
			shellScript = "diff \"${PODS_PODFILE_DIR_PATH}/Podfile.lock\" \"${PODS_ROOT}/Manifest.lock\" > /dev/null\nif [ $? != 0 ] ; then\n    # print error to STDERR\n    echo \"error: The sandbox is not in sync with the Podfile.lock. Run 'pod install' or update your CocoaPods installation.\" >&2\n    exit 1\nfi\n# This output is used by Xcode 'outputs' to avoid re-running this script phase.\necho \"SUCCESS\" > \"${SCRIPT_OUTPUT_FILE_0}\"\n";
			showEnvVarsInLog = 0;
		};
		5B1347F398E9877BD2434D63 /* [CP] Embed Pods Frameworks */ = {
			isa = PBXShellScriptBuildPhase;
			buildActionMask = 2147483647;
			files = (
			);
			inputPaths = (
				"${SRCROOT}/Pods/Target Support Files/Pods-Weather/Pods-Weather-frameworks.sh",
				"${BUILT_PRODUCTS_DIR}/Alamofire/Alamofire.framework",
				"${BUILT_PRODUCTS_DIR}/Realm/Realm.framework",
				"${BUILT_PRODUCTS_DIR}/RealmSwift/RealmSwift.framework",
				"${BUILT_PRODUCTS_DIR}/SwiftyJSON/SwiftyJSON.framework",
			);
			name = "[CP] Embed Pods Frameworks";
			outputPaths = (
				"${TARGET_BUILD_DIR}/${FRAMEWORKS_FOLDER_PATH}/Alamofire.framework",
				"${TARGET_BUILD_DIR}/${FRAMEWORKS_FOLDER_PATH}/Realm.framework",
				"${TARGET_BUILD_DIR}/${FRAMEWORKS_FOLDER_PATH}/RealmSwift.framework",
				"${TARGET_BUILD_DIR}/${FRAMEWORKS_FOLDER_PATH}/SwiftyJSON.framework",
			);
			runOnlyForDeploymentPostprocessing = 0;
			shellPath = /bin/sh;
			shellScript = "\"${SRCROOT}/Pods/Target Support Files/Pods-Weather/Pods-Weather-frameworks.sh\"\n";
			showEnvVarsInLog = 0;
		};
/* End PBXShellScriptBuildPhase section */

/* Begin PBXSourcesBuildPhase section */
		DCBE0D171F68662C0030DEAE /* Sources */ = {
			isa = PBXSourcesBuildPhase;
			buildActionMask = 2147483647;
			files = (
				29FCAB8825E6BDA90089B0E8 /* WeatherViewModelFactory.swift in Sources */,
				29FCAB8025E6B6D60089B0E8 /* WeatherAdapter.swift in Sources */,
				DC29E3021F759A4400B18115 /* WeatherService.swift in Sources */,
				0C2EBEC7204FD0790039D07D /* GradientView.swift in Sources */,
				F82C0B792232697A004E73E6 /* MyCityesController.swift in Sources */,
				9619CEA820598E6200C38A0D /* CustomPushAnimator.swift in Sources */,
				29FCAB7D25E6B64C0089B0E8 /* Weather.swift in Sources */,
				F82C0B7C2232697A004E73E6 /* WeatherViewController.swift in Sources */,
				9619CEAA2059965B00C38A0D /* CustomNavigationController.swift in Sources */,
				DC4F72961F7ADF1700C861AA /* RLMWeather.swift in Sources */,
				29FCAB7825E6B3EF0089B0E8 /* UIColor+Extension.swift in Sources */,
				F8EB94E0221B592B002DD4B8 /* Day.swift in Sources */,
				29FCAB8425E6BD7C0089B0E8 /* WeatherViewModel.swift in Sources */,
				DC37B9851F87F798004F68A5 /* RLMCity.swift in Sources */,
				F82C0B7B2232697A004E73E6 /* WeatherCell.swift in Sources */,
				DCBE0D1F1F68662C0030DEAE /* AppDelegate.swift in Sources */,
				F82C0B7A2232697A004E73E6 /* WeatcherCollectionViewLayout.swift in Sources */,
				0C2EBEC9204FD0A30039D07D /* WeekDayPicker.swift in Sources */,
			);
			runOnlyForDeploymentPostprocessing = 0;
		};
/* End PBXSourcesBuildPhase section */

/* Begin PBXVariantGroup section */
		DCBE0D221F68662C0030DEAE /* Main.storyboard */ = {
			isa = PBXVariantGroup;
			children = (
				DCBE0D231F68662C0030DEAE /* Base */,
			);
			name = Main.storyboard;
			sourceTree = "<group>";
		};
		DCBE0D271F68662C0030DEAE /* LaunchScreen.storyboard */ = {
			isa = PBXVariantGroup;
			children = (
				DCBE0D281F68662C0030DEAE /* Base */,
			);
			name = LaunchScreen.storyboard;
			sourceTree = "<group>";
		};
/* End PBXVariantGroup section */

/* Begin XCBuildConfiguration section */
		DCBE0D2B1F68662C0030DEAE /* Debug */ = {
			isa = XCBuildConfiguration;
			buildSettings = {
				ALWAYS_SEARCH_USER_PATHS = NO;
				CLANG_ANALYZER_LOCALIZABILITY_NONLOCALIZED = YES;
				CLANG_ANALYZER_NONNULL = YES;
				CLANG_ANALYZER_NUMBER_OBJECT_CONVERSION = YES_AGGRESSIVE;
				CLANG_CXX_LANGUAGE_STANDARD = "gnu++0x";
				CLANG_CXX_LIBRARY = "libc++";
				CLANG_ENABLE_MODULES = YES;
				CLANG_ENABLE_OBJC_ARC = YES;
				CLANG_WARN_BLOCK_CAPTURE_AUTORELEASING = YES;
				CLANG_WARN_BOOL_CONVERSION = YES;
				CLANG_WARN_COMMA = YES;
				CLANG_WARN_CONSTANT_CONVERSION = YES;
				CLANG_WARN_DEPRECATED_OBJC_IMPLEMENTATIONS = YES;
				CLANG_WARN_DIRECT_OBJC_ISA_USAGE = YES_ERROR;
				CLANG_WARN_DOCUMENTATION_COMMENTS = YES;
				CLANG_WARN_EMPTY_BODY = YES;
				CLANG_WARN_ENUM_CONVERSION = YES;
				CLANG_WARN_INFINITE_RECURSION = YES;
				CLANG_WARN_INT_CONVERSION = YES;
				CLANG_WARN_NON_LITERAL_NULL_CONVERSION = YES;
				CLANG_WARN_OBJC_IMPLICIT_RETAIN_SELF = YES;
				CLANG_WARN_OBJC_LITERAL_CONVERSION = YES;
				CLANG_WARN_OBJC_ROOT_CLASS = YES_ERROR;
				CLANG_WARN_QUOTED_INCLUDE_IN_FRAMEWORK_HEADER = YES;
				CLANG_WARN_RANGE_LOOP_ANALYSIS = YES;
				CLANG_WARN_STRICT_PROTOTYPES = YES;
				CLANG_WARN_SUSPICIOUS_MOVE = YES;
				CLANG_WARN_UNREACHABLE_CODE = YES;
				CLANG_WARN__DUPLICATE_METHOD_MATCH = YES;
				"CODE_SIGN_IDENTITY[sdk=iphoneos*]" = "iPhone Developer";
				COPY_PHASE_STRIP = NO;
				DEBUG_INFORMATION_FORMAT = dwarf;
				ENABLE_STRICT_OBJC_MSGSEND = YES;
				ENABLE_TESTABILITY = YES;
				GCC_C_LANGUAGE_STANDARD = gnu99;
				GCC_DYNAMIC_NO_PIC = NO;
				GCC_NO_COMMON_BLOCKS = YES;
				GCC_OPTIMIZATION_LEVEL = 0;
				GCC_PREPROCESSOR_DEFINITIONS = (
					"DEBUG=1",
					"$(inherited)",
				);
				GCC_WARN_64_TO_32_BIT_CONVERSION = YES;
				GCC_WARN_ABOUT_RETURN_TYPE = YES_ERROR;
				GCC_WARN_UNDECLARED_SELECTOR = YES;
				GCC_WARN_UNINITIALIZED_AUTOS = YES_AGGRESSIVE;
				GCC_WARN_UNUSED_FUNCTION = YES;
				GCC_WARN_UNUSED_VARIABLE = YES;
				IPHONEOS_DEPLOYMENT_TARGET = 12.0;
				MTL_ENABLE_DEBUG_INFO = YES;
				ONLY_ACTIVE_ARCH = YES;
				SDKROOT = iphoneos;
				SWIFT_ACTIVE_COMPILATION_CONDITIONS = DEBUG;
				SWIFT_OPTIMIZATION_LEVEL = "-Onone";
				TARGETED_DEVICE_FAMILY = "1,2";
			};
			name = Debug;
		};
		DCBE0D2C1F68662C0030DEAE /* Release */ = {
			isa = XCBuildConfiguration;
			buildSettings = {
				ALWAYS_SEARCH_USER_PATHS = NO;
				CLANG_ANALYZER_LOCALIZABILITY_NONLOCALIZED = YES;
				CLANG_ANALYZER_NONNULL = YES;
				CLANG_ANALYZER_NUMBER_OBJECT_CONVERSION = YES_AGGRESSIVE;
				CLANG_CXX_LANGUAGE_STANDARD = "gnu++0x";
				CLANG_CXX_LIBRARY = "libc++";
				CLANG_ENABLE_MODULES = YES;
				CLANG_ENABLE_OBJC_ARC = YES;
				CLANG_WARN_BLOCK_CAPTURE_AUTORELEASING = YES;
				CLANG_WARN_BOOL_CONVERSION = YES;
				CLANG_WARN_COMMA = YES;
				CLANG_WARN_CONSTANT_CONVERSION = YES;
				CLANG_WARN_DEPRECATED_OBJC_IMPLEMENTATIONS = YES;
				CLANG_WARN_DIRECT_OBJC_ISA_USAGE = YES_ERROR;
				CLANG_WARN_DOCUMENTATION_COMMENTS = YES;
				CLANG_WARN_EMPTY_BODY = YES;
				CLANG_WARN_ENUM_CONVERSION = YES;
				CLANG_WARN_INFINITE_RECURSION = YES;
				CLANG_WARN_INT_CONVERSION = YES;
				CLANG_WARN_NON_LITERAL_NULL_CONVERSION = YES;
				CLANG_WARN_OBJC_IMPLICIT_RETAIN_SELF = YES;
				CLANG_WARN_OBJC_LITERAL_CONVERSION = YES;
				CLANG_WARN_OBJC_ROOT_CLASS = YES_ERROR;
				CLANG_WARN_QUOTED_INCLUDE_IN_FRAMEWORK_HEADER = YES;
				CLANG_WARN_RANGE_LOOP_ANALYSIS = YES;
				CLANG_WARN_STRICT_PROTOTYPES = YES;
				CLANG_WARN_SUSPICIOUS_MOVE = YES;
				CLANG_WARN_UNREACHABLE_CODE = YES;
				CLANG_WARN__DUPLICATE_METHOD_MATCH = YES;
				"CODE_SIGN_IDENTITY[sdk=iphoneos*]" = "iPhone Developer";
				COPY_PHASE_STRIP = NO;
				DEBUG_INFORMATION_FORMAT = "dwarf-with-dsym";
				ENABLE_NS_ASSERTIONS = NO;
				ENABLE_STRICT_OBJC_MSGSEND = YES;
				GCC_C_LANGUAGE_STANDARD = gnu99;
				GCC_NO_COMMON_BLOCKS = YES;
				GCC_WARN_64_TO_32_BIT_CONVERSION = YES;
				GCC_WARN_ABOUT_RETURN_TYPE = YES_ERROR;
				GCC_WARN_UNDECLARED_SELECTOR = YES;
				GCC_WARN_UNINITIALIZED_AUTOS = YES_AGGRESSIVE;
				GCC_WARN_UNUSED_FUNCTION = YES;
				GCC_WARN_UNUSED_VARIABLE = YES;
				IPHONEOS_DEPLOYMENT_TARGET = 12.0;
				MTL_ENABLE_DEBUG_INFO = NO;
				SDKROOT = iphoneos;
				SWIFT_OPTIMIZATION_LEVEL = "-Owholemodule";
				TARGETED_DEVICE_FAMILY = "1,2";
				VALIDATE_PRODUCT = YES;
			};
			name = Release;
		};
		DCBE0D2E1F68662C0030DEAE /* Debug */ = {
			isa = XCBuildConfiguration;
			baseConfigurationReference = C37A054C72723B2348C8CD06 /* Pods-Weather.debug.xcconfig */;
			buildSettings = {
				ASSETCATALOG_COMPILER_APPICON_NAME = AppIcon;
				DEVELOPMENT_TEAM = Q784ZQSDVH;
				INFOPLIST_FILE = Weather/Info.plist;
				LD_RUNPATH_SEARCH_PATHS = "$(inherited) @executable_path/Frameworks";
				PRODUCT_BUNDLE_IDENTIFIER = ru.jonfir.Weather;
				PRODUCT_NAME = "$(TARGET_NAME)";
				SWIFT_SWIFT3_OBJC_INFERENCE = Default;
				SWIFT_VERSION = 5.0;
			};
			name = Debug;
		};
		DCBE0D2F1F68662C0030DEAE /* Release */ = {
			isa = XCBuildConfiguration;
			baseConfigurationReference = 808F8CBAC3511B220A843AFF /* Pods-Weather.release.xcconfig */;
			buildSettings = {
				ASSETCATALOG_COMPILER_APPICON_NAME = AppIcon;
				DEVELOPMENT_TEAM = Q784ZQSDVH;
				INFOPLIST_FILE = Weather/Info.plist;
				LD_RUNPATH_SEARCH_PATHS = "$(inherited) @executable_path/Frameworks";
				PRODUCT_BUNDLE_IDENTIFIER = ru.jonfir.Weather;
				PRODUCT_NAME = "$(TARGET_NAME)";
				SWIFT_SWIFT3_OBJC_INFERENCE = Default;
				SWIFT_VERSION = 5.0;
			};
			name = Release;
		};
/* End XCBuildConfiguration section */

/* Begin XCConfigurationList section */
		DCBE0D161F68662C0030DEAE /* Build configuration list for PBXProject "Weather" */ = {
			isa = XCConfigurationList;
			buildConfigurations = (
				DCBE0D2B1F68662C0030DEAE /* Debug */,
				DCBE0D2C1F68662C0030DEAE /* Release */,
			);
			defaultConfigurationIsVisible = 0;
			defaultConfigurationName = Release;
		};
		DCBE0D2D1F68662C0030DEAE /* Build configuration list for PBXNativeTarget "Weather" */ = {
			isa = XCConfigurationList;
			buildConfigurations = (
				DCBE0D2E1F68662C0030DEAE /* Debug */,
				DCBE0D2F1F68662C0030DEAE /* Release */,
			);
			defaultConfigurationIsVisible = 0;
			defaultConfigurationName = Release;
		};
/* End XCConfigurationList section */
	};
	rootObject = DCBE0D131F68662C0030DEAE /* Project object */;
}
